// !$*UTF8*$!
{
	archiveVersion = 1;
	classes = {
	};
	objectVersion = 46;
	objects = {

/* Begin PBXBuildFile section */
		CA0EF4E51F4E0C6500B604C4 /* AppDelegate.swift in Sources */ = {isa = PBXBuildFile; fileRef = CA0EF4E41F4E0C6500B604C4 /* AppDelegate.swift */; };
		CA0EF4E71F4E0C6500B604C4 /* ViewController.swift in Sources */ = {isa = PBXBuildFile; fileRef = CA0EF4E61F4E0C6500B604C4 /* ViewController.swift */; };
		CA0EF4EA1F4E0C6500B604C4 /* Main.storyboard in Resources */ = {isa = PBXBuildFile; fileRef = CA0EF4E81F4E0C6500B604C4 /* Main.storyboard */; };
		CA0EF4EC1F4E0C6500B604C4 /* Assets.xcassets in Resources */ = {isa = PBXBuildFile; fileRef = CA0EF4EB1F4E0C6500B604C4 /* Assets.xcassets */; };
		CA0EF4EF1F4E0C6500B604C4 /* LaunchScreen.storyboard in Resources */ = {isa = PBXBuildFile; fileRef = CA0EF4ED1F4E0C6500B604C4 /* LaunchScreen.storyboard */; };
		CA0EF4FA1F4E0C6500B604C4 /* DevslopesMiracleTests.swift in Sources */ = {isa = PBXBuildFile; fileRef = CA0EF4F91F4E0C6500B604C4 /* DevslopesMiracleTests.swift */; };
		CA0EF5051F4E0C6500B604C4 /* DevslopesMiracleUITests.swift in Sources */ = {isa = PBXBuildFile; fileRef = CA0EF5041F4E0C6500B604C4 /* DevslopesMiracleUITests.swift */; };
/* End PBXBuildFile section */

/* Begin PBXContainerItemProxy section */
		CA0EF4F61F4E0C6500B604C4 /* PBXContainerItemProxy */ = {
			isa = PBXContainerItemProxy;
			containerPortal = CA0EF4D91F4E0C6500B604C4 /* Project object */;
			proxyType = 1;
			remoteGlobalIDString = CA0EF4E01F4E0C6500B604C4;
			remoteInfo = DevslopesMiracle;
		};
		CA0EF5011F4E0C6500B604C4 /* PBXContainerItemProxy */ = {
			isa = PBXContainerItemProxy;
			containerPortal = CA0EF4D91F4E0C6500B604C4 /* Project object */;
			proxyType = 1;
			remoteGlobalIDString = CA0EF4E01F4E0C6500B604C4;
			remoteInfo = DevslopesMiracle;
		};
/* End PBXContainerItemProxy section */

/* Begin PBXFileReference section */
		CA0EF4E11F4E0C6500B604C4 /* DevslopesMiracle.app */ = {isa = PBXFileReference; explicitFileType = wrapper.application; includeInIndex = 0; path = DevslopesMiracle.app; sourceTree = BUILT_PRODUCTS_DIR; };
		CA0EF4E41F4E0C6500B604C4 /* AppDelegate.swift */ = {isa = PBXFileReference; lastKnownFileType = sourcecode.swift; path = AppDelegate.swift; sourceTree = "<group>"; };
		CA0EF4E61F4E0C6500B604C4 /* ViewController.swift */ = {isa = PBXFileReference; lastKnownFileType = sourcecode.swift; path = ViewController.swift; sourceTree = "<group>"; };
		CA0EF4E91F4E0C6500B604C4 /* Base */ = {isa = PBXFileReference; lastKnownFileType = file.storyboard; name = Base; path = Base.lproj/Main.storyboard; sourceTree = "<group>"; };
		CA0EF4EB1F4E0C6500B604C4 /* Assets.xcassets */ = {isa = PBXFileReference; lastKnownFileType = folder.assetcatalog; path = Assets.xcassets; sourceTree = "<group>"; };
		CA0EF4EE1F4E0C6500B604C4 /* Base */ = {isa = PBXFileReference; lastKnownFileType = file.storyboard; name = Base; path = Base.lproj/LaunchScreen.storyboard; sourceTree = "<group>"; };
		CA0EF4F01F4E0C6500B604C4 /* Info.plist */ = {isa = PBXFileReference; lastKnownFileType = text.plist.xml; path = Info.plist; sourceTree = "<group>"; };
		CA0EF4F51F4E0C6500B604C4 /* DevslopesMiracleTests.xctest */ = {isa = PBXFileReference; explicitFileType = wrapper.cfbundle; includeInIndex = 0; path = DevslopesMiracleTests.xctest; sourceTree = BUILT_PRODUCTS_DIR; };
		CA0EF4F91F4E0C6500B604C4 /* DevslopesMiracleTests.swift */ = {isa = PBXFileReference; lastKnownFileType = sourcecode.swift; path = DevslopesMiracleTests.swift; sourceTree = "<group>"; };
		CA0EF4FB1F4E0C6500B604C4 /* Info.plist */ = {isa = PBXFileReference; lastKnownFileType = text.plist.xml; path = Info.plist; sourceTree = "<group>"; };
		CA0EF5001F4E0C6500B604C4 /* DevslopesMiracleUITests.xctest */ = {isa = PBXFileReference; explicitFileType = wrapper.cfbundle; includeInIndex = 0; path = DevslopesMiracleUITests.xctest; sourceTree = BUILT_PRODUCTS_DIR; };
		CA0EF5041F4E0C6500B604C4 /* DevslopesMiracleUITests.swift */ = {isa = PBXFileReference; lastKnownFileType = sourcecode.swift; path = DevslopesMiracleUITests.swift; sourceTree = "<group>"; };
		CA0EF5061F4E0C6500B604C4 /* Info.plist */ = {isa = PBXFileReference; lastKnownFileType = text.plist.xml; path = Info.plist; sourceTree = "<group>"; };
/* End PBXFileReference section */

/* Begin PBXFrameworksBuildPhase section */
		CA0EF4DE1F4E0C6500B604C4 /* Frameworks */ = {
			isa = PBXFrameworksBuildPhase;
			buildActionMask = 2147483647;
			files = (
			);
			runOnlyForDeploymentPostprocessing = 0;
		};
		CA0EF4F21F4E0C6500B604C4 /* Frameworks */ = {
			isa = PBXFrameworksBuildPhase;
			buildActionMask = 2147483647;
			files = (
			);
			runOnlyForDeploymentPostprocessing = 0;
		};
		CA0EF4FD1F4E0C6500B604C4 /* Frameworks */ = {
			isa = PBXFrameworksBuildPhase;
			buildActionMask = 2147483647;
			files = (
			);
			runOnlyForDeploymentPostprocessing = 0;
		};
/* End PBXFrameworksBuildPhase section */

/* Begin PBXGroup section */
		CA0EF4D81F4E0C6500B604C4 = {
			isa = PBXGroup;
			children = (
				CA0EF4E31F4E0C6500B604C4 /* DevslopesMiracle */,
				CA0EF4F81F4E0C6500B604C4 /* DevslopesMiracleTests */,
				CA0EF5031F4E0C6500B604C4 /* DevslopesMiracleUITests */,
				CA0EF4E21F4E0C6500B604C4 /* Products */,
			);
			sourceTree = "<group>";
		};
		CA0EF4E21F4E0C6500B604C4 /* Products */ = {
			isa = PBXGroup;
			children = (
				CA0EF4E11F4E0C6500B604C4 /* DevslopesMiracle.app */,
				CA0EF4F51F4E0C6500B604C4 /* DevslopesMiracleTests.xctest */,
				CA0EF5001F4E0C6500B604C4 /* DevslopesMiracleUITests.xctest */,
			);
			name = Products;
			sourceTree = "<group>";
		};
		CA0EF4E31F4E0C6500B604C4 /* DevslopesMiracle */ = {
			isa = PBXGroup;
			children = (
				CA0EF4E41F4E0C6500B604C4 /* AppDelegate.swift */,
				CA0EF4E61F4E0C6500B604C4 /* ViewController.swift */,
				CA0EF4E81F4E0C6500B604C4 /* Main.storyboard */,
				CA0EF4EB1F4E0C6500B604C4 /* Assets.xcassets */,
				CA0EF4ED1F4E0C6500B604C4 /* LaunchScreen.storyboard */,
				CA0EF4F01F4E0C6500B604C4 /* Info.plist */,
			);
			path = DevslopesMiracle;
			sourceTree = "<group>";
		};
		CA0EF4F81F4E0C6500B604C4 /* DevslopesMiracleTests */ = {
			isa = PBXGroup;
			children = (
				CA0EF4F91F4E0C6500B604C4 /* DevslopesMiracleTests.swift */,
				CA0EF4FB1F4E0C6500B604C4 /* Info.plist */,
			);
			path = DevslopesMiracleTests;
			sourceTree = "<group>";
		};
		CA0EF5031F4E0C6500B604C4 /* DevslopesMiracleUITests */ = {
			isa = PBXGroup;
			children = (
				CA0EF5041F4E0C6500B604C4 /* DevslopesMiracleUITests.swift */,
				CA0EF5061F4E0C6500B604C4 /* Info.plist */,
			);
			path = DevslopesMiracleUITests;
			sourceTree = "<group>";
		};
/* End PBXGroup section */

/* Begin PBXNativeTarget section */
		CA0EF4E01F4E0C6500B604C4 /* DevslopesMiracle */ = {
			isa = PBXNativeTarget;
			buildConfigurationList = CA0EF5091F4E0C6500B604C4 /* Build configuration list for PBXNativeTarget "DevslopesMiracle" */;
			buildPhases = (
				CA0EF4DD1F4E0C6500B604C4 /* Sources */,
				CA0EF4DE1F4E0C6500B604C4 /* Frameworks */,
				CA0EF4DF1F4E0C6500B604C4 /* Resources */,
			);
			buildRules = (
			);
			dependencies = (
			);
			name = DevslopesMiracle;
			productName = DevslopesMiracle;
			productReference = CA0EF4E11F4E0C6500B604C4 /* DevslopesMiracle.app */;
			productType = "com.apple.product-type.application";
		};
		CA0EF4F41F4E0C6500B604C4 /* DevslopesMiracleTests */ = {
			isa = PBXNativeTarget;
			buildConfigurationList = CA0EF50C1F4E0C6500B604C4 /* Build configuration list for PBXNativeTarget "DevslopesMiracleTests" */;
			buildPhases = (
				CA0EF4F11F4E0C6500B604C4 /* Sources */,
				CA0EF4F21F4E0C6500B604C4 /* Frameworks */,
				CA0EF4F31F4E0C6500B604C4 /* Resources */,
			);
			buildRules = (
			);
			dependencies = (
				CA0EF4F71F4E0C6500B604C4 /* PBXTargetDependency */,
			);
			name = DevslopesMiracleTests;
			productName = DevslopesMiracleTests;
			productReference = CA0EF4F51F4E0C6500B604C4 /* DevslopesMiracleTests.xctest */;
			productType = "com.apple.product-type.bundle.unit-test";
		};
		CA0EF4FF1F4E0C6500B604C4 /* DevslopesMiracleUITests */ = {
			isa = PBXNativeTarget;
			buildConfigurationList = CA0EF50F1F4E0C6500B604C4 /* Build configuration list for PBXNativeTarget "DevslopesMiracleUITests" */;
			buildPhases = (
				CA0EF4FC1F4E0C6500B604C4 /* Sources */,
				CA0EF4FD1F4E0C6500B604C4 /* Frameworks */,
				CA0EF4FE1F4E0C6500B604C4 /* Resources */,
			);
			buildRules = (
			);
			dependencies = (
				CA0EF5021F4E0C6500B604C4 /* PBXTargetDependency */,
			);
			name = DevslopesMiracleUITests;
			productName = DevslopesMiracleUITests;
			productReference = CA0EF5001F4E0C6500B604C4 /* DevslopesMiracleUITests.xctest */;
			productType = "com.apple.product-type.bundle.ui-testing";
		};
/* End PBXNativeTarget section */

/* Begin PBXProject section */
		CA0EF4D91F4E0C6500B604C4 /* Project object */ = {
			isa = PBXProject;
			attributes = {
				LastSwiftUpdateCheck = 0830;
				LastUpgradeCheck = 0830;
				ORGANIZATIONNAME = "Kerwin Londono";
				TargetAttributes = {
					CA0EF4E01F4E0C6500B604C4 = {
						CreatedOnToolsVersion = 8.3.3;
						DevelopmentTeam = Q9GLV634S4;
						ProvisioningStyle = Automatic;
					};
					CA0EF4F41F4E0C6500B604C4 = {
						CreatedOnToolsVersion = 8.3.3;
						DevelopmentTeam = Q9GLV634S4;
						ProvisioningStyle = Automatic;
						TestTargetID = CA0EF4E01F4E0C6500B604C4;
					};
					CA0EF4FF1F4E0C6500B604C4 = {
						CreatedOnToolsVersion = 8.3.3;
						DevelopmentTeam = Q9GLV634S4;
						ProvisioningStyle = Automatic;
						TestTargetID = CA0EF4E01F4E0C6500B604C4;
					};
				};
			};
			buildConfigurationList = CA0EF4DC1F4E0C6500B604C4 /* Build configuration list for PBXProject "DevslopesMiracle" */;
			compatibilityVersion = "Xcode 3.2";
			developmentRegion = English;
			hasScannedForEncodings = 0;
			knownRegions = (
				en,
				Base,
			);
			mainGroup = CA0EF4D81F4E0C6500B604C4;
			productRefGroup = CA0EF4E21F4E0C6500B604C4 /* Products */;
			projectDirPath = "";
			projectRoot = "";
			targets = (
				CA0EF4E01F4E0C6500B604C4 /* DevslopesMiracle */,
				CA0EF4F41F4E0C6500B604C4 /* DevslopesMiracleTests */,
				CA0EF4FF1F4E0C6500B604C4 /* DevslopesMiracleUITests */,
			);
		};
/* End PBXProject section */

/* Begin PBXResourcesBuildPhase section */
		CA0EF4DF1F4E0C6500B604C4 /* Resources */ = {
			isa = PBXResourcesBuildPhase;
			buildActionMask = 2147483647;
			files = (
				CA0EF4EF1F4E0C6500B604C4 /* LaunchScreen.storyboard in Resources */,
				CA0EF4EC1F4E0C6500B604C4 /* Assets.xcassets in Resources */,
				CA0EF4EA1F4E0C6500B604C4 /* Main.storyboard in Resources */,
			);
			runOnlyForDeploymentPostprocessing = 0;
		};
		CA0EF4F31F4E0C6500B604C4 /* Resources */ = {
			isa = PBXResourcesBuildPhase;
			buildActionMask = 2147483647;
			files = (
			);
			runOnlyForDeploymentPostprocessing = 0;
		};
		CA0EF4FE1F4E0C6500B604C4 /* Resources */ = {
			isa = PBXResourcesBuildPhase;
			buildActionMask = 2147483647;
			files = (
			);
			runOnlyForDeploymentPostprocessing = 0;
		};
/* End PBXResourcesBuildPhase section */

/* Begin PBXSourcesBuildPhase section */
		CA0EF4DD1F4E0C6500B604C4 /* Sources */ = {
			isa = PBXSourcesBuildPhase;
			buildActionMask = 2147483647;
			files = (
				CA0EF4E71F4E0C6500B604C4 /* ViewController.swift in Sources */,
				CA0EF4E51F4E0C6500B604C4 /* AppDelegate.swift in Sources */,
			);
			runOnlyForDeploymentPostprocessing = 0;
		};
		CA0EF4F11F4E0C6500B604C4 /* Sources */ = {
			isa = PBXSourcesBuildPhase;
			buildActionMask = 2147483647;
			files = (
				CA0EF4FA1F4E0C6500B604C4 /* DevslopesMiracleTests.swift in Sources */,
			);
			runOnlyForDeploymentPostprocessing = 0;
		};
		CA0EF4FC1F4E0C6500B604C4 /* Sources */ = {
			isa = PBXSourcesBuildPhase;
			buildActionMask = 2147483647;
			files = (
				CA0EF5051F4E0C6500B604C4 /* DevslopesMiracleUITests.swift in Sources */,
			);
			runOnlyForDeploymentPostprocessing = 0;
		};
/* End PBXSourcesBuildPhase section */

/* Begin PBXTargetDependency section */
		CA0EF4F71F4E0C6500B604C4 /* PBXTargetDependency */ = {
			isa = PBXTargetDependency;
			target = CA0EF4E01F4E0C6500B604C4 /* DevslopesMiracle */;
			targetProxy = CA0EF4F61F4E0C6500B604C4 /* PBXContainerItemProxy */;
		};
		CA0EF5021F4E0C6500B604C4 /* PBXTargetDependency */ = {
			isa = PBXTargetDependency;
			target = CA0EF4E01F4E0C6500B604C4 /* DevslopesMiracle */;
			targetProxy = CA0EF5011F4E0C6500B604C4 /* PBXContainerItemProxy */;
		};
/* End PBXTargetDependency section */

/* Begin PBXVariantGroup section */
		CA0EF4E81F4E0C6500B604C4 /* Main.storyboard */ = {
			isa = PBXVariantGroup;
			children = (
				CA0EF4E91F4E0C6500B604C4 /* Base */,
			);
			name = Main.storyboard;
			sourceTree = "<group>";
		};
		CA0EF4ED1F4E0C6500B604C4 /* LaunchScreen.storyboard */ = {
			isa = PBXVariantGroup;
			children = (
				CA0EF4EE1F4E0C6500B604C4 /* Base */,
			);
			name = LaunchScreen.storyboard;
			sourceTree = "<group>";
		};
/* End PBXVariantGroup section */

/* Begin XCBuildConfiguration section */
		CA0EF5071F4E0C6500B604C4 /* Debug */ = {
			isa = XCBuildConfiguration;
			buildSettings = {
				ALWAYS_SEARCH_USER_PATHS = NO;
				CLANG_ANALYZER_NONNULL = YES;
				CLANG_ANALYZER_NUMBER_OBJECT_CONVERSION = YES_AGGRESSIVE;
				CLANG_CXX_LANGUAGE_STANDARD = "gnu++0x";
				CLANG_CXX_LIBRARY = "libc++";
				CLANG_ENABLE_MODULES = YES;
				CLANG_ENABLE_OBJC_ARC = YES;
				CLANG_WARN_BOOL_CONVERSION = YES;
				CLANG_WARN_CONSTANT_CONVERSION = YES;
				CLANG_WARN_DIRECT_OBJC_ISA_USAGE = YES_ERROR;
				CLANG_WARN_DOCUMENTATION_COMMENTS = YES;
				CLANG_WARN_EMPTY_BODY = YES;
				CLANG_WARN_ENUM_CONVERSION = YES;
				CLANG_WARN_INFINITE_RECURSION = YES;
				CLANG_WARN_INT_CONVERSION = YES;
				CLANG_WARN_OBJC_ROOT_CLASS = YES_ERROR;
				CLANG_WARN_SUSPICIOUS_MOVE = YES;
				CLANG_WARN_UNREACHABLE_CODE = YES;
				CLANG_WARN__DUPLICATE_METHOD_MATCH = YES;
				"CODE_SIGN_IDENTITY[sdk=iphoneos*]" = "iPhone Developer";
				COPY_PHASE_STRIP = NO;
				DEBUG_INFORMATION_FORMAT = dwarf;
				ENABLE_STRICT_OBJC_MSGSEND = YES;
				ENABLE_TESTABILITY = YES;
				GCC_C_LANGUAGE_STANDARD = gnu99;
				GCC_DYNAMIC_NO_PIC = NO;
				GCC_NO_COMMON_BLOCKS = YES;
				GCC_OPTIMIZATION_LEVEL = 0;
				GCC_PREPROCESSOR_DEFINITIONS = (
					"DEBUG=1",
					"$(inherited)",
				);
				GCC_WARN_64_TO_32_BIT_CONVERSION = YES;
				GCC_WARN_ABOUT_RETURN_TYPE = YES_ERROR;
				GCC_WARN_UNDECLARED_SELECTOR = YES;
				GCC_WARN_UNINITIALIZED_AUTOS = YES_AGGRESSIVE;
				GCC_WARN_UNUSED_FUNCTION = YES;
				GCC_WARN_UNUSED_VARIABLE = YES;
				IPHONEOS_DEPLOYMENT_TARGET = 10.3;
				MTL_ENABLE_DEBUG_INFO = YES;
				ONLY_ACTIVE_ARCH = YES;
				SDKROOT = iphoneos;
				SWIFT_ACTIVE_COMPILATION_CONDITIONS = DEBUG;
				SWIFT_OPTIMIZATION_LEVEL = "-Onone";
				TARGETED_DEVICE_FAMILY = "1,2";
			};
			name = Debug;
		};
		CA0EF5081F4E0C6500B604C4 /* Release */ = {
			isa = XCBuildConfiguration;
			buildSettings = {
				ALWAYS_SEARCH_USER_PATHS = NO;
				CLANG_ANALYZER_NONNULL = YES;
				CLANG_ANALYZER_NUMBER_OBJECT_CONVERSION = YES_AGGRESSIVE;
				CLANG_CXX_LANGUAGE_STANDARD = "gnu++0x";
				CLANG_CXX_LIBRARY = "libc++";
				CLANG_ENABLE_MODULES = YES;
				CLANG_ENABLE_OBJC_ARC = YES;
				CLANG_WARN_BOOL_CONVERSION = YES;
				CLANG_WARN_CONSTANT_CONVERSION = YES;
				CLANG_WARN_DIRECT_OBJC_ISA_USAGE = YES_ERROR;
				CLANG_WARN_DOCUMENTATION_COMMENTS = YES;
				CLANG_WARN_EMPTY_BODY = YES;
				CLANG_WARN_ENUM_CONVERSION = YES;
				CLANG_WARN_INFINITE_RECURSION = YES;
				CLANG_WARN_INT_CONVERSION = YES;
				CLANG_WARN_OBJC_ROOT_CLASS = YES_ERROR;
				CLANG_WARN_SUSPICIOUS_MOVE = YES;
				CLANG_WARN_UNREACHABLE_CODE = YES;
				CLANG_WARN__DUPLICATE_METHOD_MATCH = YES;
				"CODE_SIGN_IDENTITY[sdk=iphoneos*]" = "iPhone Developer";
				COPY_PHASE_STRIP = NO;
				DEBUG_INFORMATION_FORMAT = "dwarf-with-dsym";
				ENABLE_NS_ASSERTIONS = NO;
				ENABLE_STRICT_OBJC_MSGSEND = YES;
				GCC_C_LANGUAGE_STANDARD = gnu99;
				GCC_NO_COMMON_BLOCKS = YES;
				GCC_WARN_64_TO_32_BIT_CONVERSION = YES;
				GCC_WARN_ABOUT_RETURN_TYPE = YES_ERROR;
				GCC_WARN_UNDECLARED_SELECTOR = YES;
				GCC_WARN_UNINITIALIZED_AUTOS = YES_AGGRESSIVE;
				GCC_WARN_UNUSED_FUNCTION = YES;
				GCC_WARN_UNUSED_VARIABLE = YES;
				IPHONEOS_DEPLOYMENT_TARGET = 10.3;
				MTL_ENABLE_DEBUG_INFO = NO;
				SDKROOT = iphoneos;
				SWIFT_OPTIMIZATION_LEVEL = "-Owholemodule";
				TARGETED_DEVICE_FAMILY = "1,2";
				VALIDATE_PRODUCT = YES;
			};
			name = Release;
		};
		CA0EF50A1F4E0C6500B604C4 /* Debug */ = {
			isa = XCBuildConfiguration;
			buildSettings = {
				ASSETCATALOG_COMPILER_APPICON_NAME = AppIcon;
				DEVELOPMENT_TEAM = Q9GLV634S4;
				INFOPLIST_FILE = DevslopesMiracle/Info.plist;
				LD_RUNPATH_SEARCH_PATHS = "$(inherited) @executable_path/Frameworks";
				PRODUCT_BUNDLE_IDENTIFIER = com.KerwinLondono.DevslopesMiracle;
				PRODUCT_NAME = "$(TARGET_NAME)";
				SWIFT_VERSION = 3.0;
			};
			name = Debug;
		};
		CA0EF50B1F4E0C6500B604C4 /* Release */ = {
			isa = XCBuildConfiguration;
			buildSettings = {
				ASSETCATALOG_COMPILER_APPICON_NAME = AppIcon;
				DEVELOPMENT_TEAM = Q9GLV634S4;
				INFOPLIST_FILE = DevslopesMiracle/Info.plist;
				LD_RUNPATH_SEARCH_PATHS = "$(inherited) @executable_path/Frameworks";
				PRODUCT_BUNDLE_IDENTIFIER = com.KerwinLondono.DevslopesMiracle;
				PRODUCT_NAME = "$(TARGET_NAME)";
				SWIFT_VERSION = 3.0;
			};
			name = Release;
		};
		CA0EF50D1F4E0C6500B604C4 /* Debug */ = {
			isa = XCBuildConfiguration;
			buildSettings = {
				ALWAYS_EMBED_SWIFT_STANDARD_LIBRARIES = YES;
				BUNDLE_LOADER = "$(TEST_HOST)";
				DEVELOPMENT_TEAM = Q9GLV634S4;
				INFOPLIST_FILE = DevslopesMiracleTests/Info.plist;
				LD_RUNPATH_SEARCH_PATHS = "$(inherited) @executable_path/Frameworks @loader_path/Frameworks";
				PRODUCT_BUNDLE_IDENTIFIER = com.KerwinLondono.DevslopesMiracleTests;
				PRODUCT_NAME = "$(TARGET_NAME)";
				SWIFT_VERSION = 3.0;
				TEST_HOST = "$(BUILT_PRODUCTS_DIR)/DevslopesMiracle.app/DevslopesMiracle";
			};
			name = Debug;
		};
		CA0EF50E1F4E0C6500B604C4 /* Release */ = {
			isa = XCBuildConfiguration;
			buildSettings = {
				ALWAYS_EMBED_SWIFT_STANDARD_LIBRARIES = YES;
				BUNDLE_LOADER = "$(TEST_HOST)";
				DEVELOPMENT_TEAM = Q9GLV634S4;
				INFOPLIST_FILE = DevslopesMiracleTests/Info.plist;
				LD_RUNPATH_SEARCH_PATHS = "$(inherited) @executable_path/Frameworks @loader_path/Frameworks";
				PRODUCT_BUNDLE_IDENTIFIER = com.KerwinLondono.DevslopesMiracleTests;
				PRODUCT_NAME = "$(TARGET_NAME)";
				SWIFT_VERSION = 3.0;
				TEST_HOST = "$(BUILT_PRODUCTS_DIR)/DevslopesMiracle.app/DevslopesMiracle";
			};
			name = Release;
		};
		CA0EF5101F4E0C6500B604C4 /* Debug */ = {
			isa = XCBuildConfiguration;
			buildSettings = {
				ALWAYS_EMBED_SWIFT_STANDARD_LIBRARIES = YES;
				DEVELOPMENT_TEAM = Q9GLV634S4;
				INFOPLIST_FILE = DevslopesMiracleUITests/Info.plist;
				LD_RUNPATH_SEARCH_PATHS = "$(inherited) @executable_path/Frameworks @loader_path/Frameworks";
				PRODUCT_BUNDLE_IDENTIFIER = com.KerwinLondono.DevslopesMiracleUITests;
				PRODUCT_NAME = "$(TARGET_NAME)";
				SWIFT_VERSION = 3.0;
				TEST_TARGET_NAME = DevslopesMiracle;
			};
			name = Debug;
		};
		CA0EF5111F4E0C6500B604C4 /* Release */ = {
			isa = XCBuildConfiguration;
			buildSettings = {
				ALWAYS_EMBED_SWIFT_STANDARD_LIBRARIES = YES;
				DEVELOPMENT_TEAM = Q9GLV634S4;
				INFOPLIST_FILE = DevslopesMiracleUITests/Info.plist;
				LD_RUNPATH_SEARCH_PATHS = "$(inherited) @executable_path/Frameworks @loader_path/Frameworks";
				PRODUCT_BUNDLE_IDENTIFIER = com.KerwinLondono.DevslopesMiracleUITests;
				PRODUCT_NAME = "$(TARGET_NAME)";
				SWIFT_VERSION = 3.0;
				TEST_TARGET_NAME = DevslopesMiracle;
			};
			name = Release;
		};
/* End XCBuildConfiguration section */

/* Begin XCConfigurationList section */
		CA0EF4DC1F4E0C6500B604C4 /* Build configuration list for PBXProject "DevslopesMiracle" */ = {
			isa = XCConfigurationList;
			buildConfigurations = (
				CA0EF5071F4E0C6500B604C4 /* Debug */,
				CA0EF5081F4E0C6500B604C4 /* Release */,
			);
			defaultConfigurationIsVisible = 0;
			defaultConfigurationName = Release;
		};
		CA0EF5091F4E0C6500B604C4 /* Build configuration list for PBXNativeTarget "DevslopesMiracle" */ = {
			isa = XCConfigurationList;
			buildConfigurations = (
				CA0EF50A1F4E0C6500B604C4 /* Debug */,
				CA0EF50B1F4E0C6500B604C4 /* Release */,
			);
			defaultConfigurationIsVisible = 0;
		};
		CA0EF50C1F4E0C6500B604C4 /* Build configuration list for PBXNativeTarget "DevslopesMiracleTests" */ = {
			isa = XCConfigurationList;
			buildConfigurations = (
				CA0EF50D1F4E0C6500B604C4 /* Debug */,
				CA0EF50E1F4E0C6500B604C4 /* Release */,
			);
			defaultConfigurationIsVisible = 0;
		};
		CA0EF50F1F4E0C6500B604C4 /* Build configuration list for PBXNativeTarget "DevslopesMiracleUITests" */ = {
			isa = XCConfigurationList;
			buildConfigurations = (
				CA0EF5101F4E0C6500B604C4 /* Debug */,
				CA0EF5111F4E0C6500B604C4 /* Release */,
			);
			defaultConfigurationIsVisible = 0;
		};
/* End XCConfigurationList section */
	};
	rootObject = CA0EF4D91F4E0C6500B604C4 /* Project object */;
}
